
Microsoft Visual Studio Solution File, Format Version 12.00
# Visual Studio Version 16
VisualStudioVersion = 16.0.31410.357
MinimumVisualStudioVersion = 10.0.40219.1
Project("{FAE04EC0-301F-11D3-BF4B-00C04F79EFBC}") = "WebApplication1", "WebApplication1\WebApplication1.csproj", "{03B193C6-5C28-43CD-BEE0-CE1D869515BE}"
EndProject
Global
	GlobalSection(SolutionConfigurationPlatforms) = preSolution
		Debug|Any CPU = Debug|Any CPU
		Release|Any CPU = Release|Any CPU
	EndGlobalSection
	GlobalSection(ProjectConfigurationPlatforms) = postSolution
		{03B193C6-5C28-43CD-BEE0-CE1D869515BE}.Debug|Any CPU.ActiveCfg = Debug|Any CPU
		{03B193C6-5C28-43CD-BEE0-CE1D869515BE}.Debug|Any CPU.Build.0 = Debug|Any CPU
		{03B193C6-5C28-43CD-BEE0-CE1D869515BE}.Release|Any CPU.ActiveCfg = Release|Any CPU
		{03B193C6-5C28-43CD-BEE0-CE1D869515BE}.Release|Any CPU.Build.0 = Release|Any CPU
	EndGlobalSection
	GlobalSection(SolutionProperties) = preSolution
		HideSolutionNode = FALSE
	EndGlobalSection
	GlobalSection(ExtensibilityGlobals) = postSolution
		SolutionGuid = {3D40D0F8-1DCE-43B3-8BEA-C788D800438F}
	EndGlobalSection
EndGlobal
